
Microsoft Visual Studio Solution File, Format Version 12.00
# Visual Studio 14
VisualStudioVersion = 14.0.25420.1
MinimumVisualStudioVersion = 10.0.40219.1
Project("{FAE04EC0-301F-11D3-BF4B-00C04F79EFBC}") = "TestGame", "TestGame\TestGame.csproj", "{7171A431-4888-4957-ABD6-9BCDBFFA6261}"
EndProject
Project("{FAE04EC0-301F-11D3-BF4B-00C04F79EFBC}") = "TestGameServer", "TestGameServer\TestGameServer.csproj", "{892A5C1D-A0EC-443B-BA26-6FF17ACE292A}"
EndProject
Project("{FAE04EC0-301F-11D3-BF4B-00C04F79EFBC}") = "Utilities", "Utilities\Utilities.csproj", "{11C85470-E0E8-4B3F-8B76-8B1ED320BAE2}"
EndProject
Project("{FAE04EC0-301F-11D3-BF4B-00C04F79EFBC}") = "Juixel", "Juixel\Juixel.csproj", "{A0FD446C-4455-49B0-871B-BB35B575ED85}"
EndProject
Project("{FAE04EC0-301F-11D3-BF4B-00C04F79EFBC}") = "Clans", "Clans\Clans.csproj", "{3580E8BB-EFF2-48FD-BBD6-8744475788E4}"
EndProject
Project("{FAE04EC0-301F-11D3-BF4B-00C04F79EFBC}") = "GameiOS", "GameiOS\GameiOS.csproj", "{1FA52BB1-778A-46CA-8CE5-17B23AC9997A}"
EndProject
Global
	GlobalSection(SolutionConfigurationPlatforms) = preSolution
		Ad-Hoc|Any CPU = Ad-Hoc|Any CPU
		Ad-Hoc|iPhone = Ad-Hoc|iPhone
		Ad-Hoc|iPhoneSimulator = Ad-Hoc|iPhoneSimulator
		Ad-Hoc|x86 = Ad-Hoc|x86
		AppStore|Any CPU = AppStore|Any CPU
		AppStore|iPhone = AppStore|iPhone
		AppStore|iPhoneSimulator = AppStore|iPhoneSimulator
		AppStore|x86 = AppStore|x86
		Debug|Any CPU = Debug|Any CPU
		Debug|iPhone = Debug|iPhone
		Debug|iPhoneSimulator = Debug|iPhoneSimulator
		Debug|x86 = Debug|x86
		Release|Any CPU = Release|Any CPU
		Release|iPhone = Release|iPhone
		Release|iPhoneSimulator = Release|iPhoneSimulator
		Release|x86 = Release|x86
	EndGlobalSection
	GlobalSection(ProjectConfigurationPlatforms) = postSolution
		{7171A431-4888-4957-ABD6-9BCDBFFA6261}.Ad-Hoc|Any CPU.ActiveCfg = Release|x86
		{7171A431-4888-4957-ABD6-9BCDBFFA6261}.Ad-Hoc|Any CPU.Build.0 = Release|x86
		{7171A431-4888-4957-ABD6-9BCDBFFA6261}.Ad-Hoc|iPhone.ActiveCfg = Release|x86
		{7171A431-4888-4957-ABD6-9BCDBFFA6261}.Ad-Hoc|iPhone.Build.0 = Release|x86
		{7171A431-4888-4957-ABD6-9BCDBFFA6261}.Ad-Hoc|iPhoneSimulator.ActiveCfg = Release|x86
		{7171A431-4888-4957-ABD6-9BCDBFFA6261}.Ad-Hoc|iPhoneSimulator.Build.0 = Release|x86
		{7171A431-4888-4957-ABD6-9BCDBFFA6261}.Ad-Hoc|x86.ActiveCfg = Release|x86
		{7171A431-4888-4957-ABD6-9BCDBFFA6261}.Ad-Hoc|x86.Build.0 = Release|x86
		{7171A431-4888-4957-ABD6-9BCDBFFA6261}.AppStore|Any CPU.ActiveCfg = Release|x86
		{7171A431-4888-4957-ABD6-9BCDBFFA6261}.AppStore|Any CPU.Build.0 = Release|x86
		{7171A431-4888-4957-ABD6-9BCDBFFA6261}.AppStore|iPhone.ActiveCfg = Release|x86
		{7171A431-4888-4957-ABD6-9BCDBFFA6261}.AppStore|iPhone.Build.0 = Release|x86
		{7171A431-4888-4957-ABD6-9BCDBFFA6261}.AppStore|iPhoneSimulator.ActiveCfg = Release|x86
		{7171A431-4888-4957-ABD6-9BCDBFFA6261}.AppStore|iPhoneSimulator.Build.0 = Release|x86
		{7171A431-4888-4957-ABD6-9BCDBFFA6261}.AppStore|x86.ActiveCfg = Release|x86
		{7171A431-4888-4957-ABD6-9BCDBFFA6261}.AppStore|x86.Build.0 = Release|x86
		{7171A431-4888-4957-ABD6-9BCDBFFA6261}.Debug|Any CPU.ActiveCfg = Debug|x86
		{7171A431-4888-4957-ABD6-9BCDBFFA6261}.Debug|iPhone.ActiveCfg = Debug|x86
		{7171A431-4888-4957-ABD6-9BCDBFFA6261}.Debug|iPhoneSimulator.ActiveCfg = Debug|x86
		{7171A431-4888-4957-ABD6-9BCDBFFA6261}.Debug|x86.ActiveCfg = Debug|x86
		{7171A431-4888-4957-ABD6-9BCDBFFA6261}.Debug|x86.Build.0 = Debug|x86
		{7171A431-4888-4957-ABD6-9BCDBFFA6261}.Release|Any CPU.ActiveCfg = Release|x86
		{7171A431-4888-4957-ABD6-9BCDBFFA6261}.Release|iPhone.ActiveCfg = Release|x86
		{7171A431-4888-4957-ABD6-9BCDBFFA6261}.Release|iPhoneSimulator.ActiveCfg = Release|x86
		{7171A431-4888-4957-ABD6-9BCDBFFA6261}.Release|x86.ActiveCfg = Release|x86
		{7171A431-4888-4957-ABD6-9BCDBFFA6261}.Release|x86.Build.0 = Release|x86
		{892A5C1D-A0EC-443B-BA26-6FF17ACE292A}.Ad-Hoc|Any CPU.ActiveCfg = Release|Any CPU
		{892A5C1D-A0EC-443B-BA26-6FF17ACE292A}.Ad-Hoc|Any CPU.Build.0 = Release|Any CPU
		{892A5C1D-A0EC-443B-BA26-6FF17ACE292A}.Ad-Hoc|iPhone.ActiveCfg = Release|Any CPU
		{892A5C1D-A0EC-443B-BA26-6FF17ACE292A}.Ad-Hoc|iPhone.Build.0 = Release|Any CPU
		{892A5C1D-A0EC-443B-BA26-6FF17ACE292A}.Ad-Hoc|iPhoneSimulator.ActiveCfg = Release|Any CPU
		{892A5C1D-A0EC-443B-BA26-6FF17ACE292A}.Ad-Hoc|iPhoneSimulator.Build.0 = Release|Any CPU
		{892A5C1D-A0EC-443B-BA26-6FF17ACE292A}.Ad-Hoc|x86.ActiveCfg = Release|Any CPU
		{892A5C1D-A0EC-443B-BA26-6FF17ACE292A}.Ad-Hoc|x86.Build.0 = Release|Any CPU
		{892A5C1D-A0EC-443B-BA26-6FF17ACE292A}.AppStore|Any CPU.ActiveCfg = Release|Any CPU
		{892A5C1D-A0EC-443B-BA26-6FF17ACE292A}.AppStore|Any CPU.Build.0 = Release|Any CPU
		{892A5C1D-A0EC-443B-BA26-6FF17ACE292A}.AppStore|iPhone.ActiveCfg = Release|Any CPU
		{892A5C1D-A0EC-443B-BA26-6FF17ACE292A}.AppStore|iPhone.Build.0 = Release|Any CPU
		{892A5C1D-A0EC-443B-BA26-6FF17ACE292A}.AppStore|iPhoneSimulator.ActiveCfg = Release|Any CPU
		{892A5C1D-A0EC-443B-BA26-6FF17ACE292A}.AppStore|iPhoneSimulator.Build.0 = Release|Any CPU
		{892A5C1D-A0EC-443B-BA26-6FF17ACE292A}.AppStore|x86.ActiveCfg = Release|Any CPU
		{892A5C1D-A0EC-443B-BA26-6FF17ACE292A}.AppStore|x86.Build.0 = Release|Any CPU
		{892A5C1D-A0EC-443B-BA26-6FF17ACE292A}.Debug|Any CPU.ActiveCfg = Debug|Any CPU
		{892A5C1D-A0EC-443B-BA26-6FF17ACE292A}.Debug|Any CPU.Build.0 = Debug|Any CPU
		{892A5C1D-A0EC-443B-BA26-6FF17ACE292A}.Debug|iPhone.ActiveCfg = Debug|Any CPU
		{892A5C1D-A0EC-443B-BA26-6FF17ACE292A}.Debug|iPhone.Build.0 = Debug|Any CPU
		{892A5C1D-A0EC-443B-BA26-6FF17ACE292A}.Debug|iPhoneSimulator.ActiveCfg = Debug|Any CPU
		{892A5C1D-A0EC-443B-BA26-6FF17ACE292A}.Debug|iPhoneSimulator.Build.0 = Debug|Any CPU
		{892A5C1D-A0EC-443B-BA26-6FF17ACE292A}.Debug|x86.ActiveCfg = Debug|Any CPU
		{892A5C1D-A0EC-443B-BA26-6FF17ACE292A}.Debug|x86.Build.0 = Debug|Any CPU
		{892A5C1D-A0EC-443B-BA26-6FF17ACE292A}.Release|Any CPU.ActiveCfg = Release|Any CPU
		{892A5C1D-A0EC-443B-BA26-6FF17ACE292A}.Release|Any CPU.Build.0 = Release|Any CPU
		{892A5C1D-A0EC-443B-BA26-6FF17ACE292A}.Release|iPhone.ActiveCfg = Release|Any CPU
		{892A5C1D-A0EC-443B-BA26-6FF17ACE292A}.Release|iPhone.Build.0 = Release|Any CPU
		{892A5C1D-A0EC-443B-BA26-6FF17ACE292A}.Release|iPhoneSimulator.ActiveCfg = Release|Any CPU
		{892A5C1D-A0EC-443B-BA26-6FF17ACE292A}.Release|iPhoneSimulator.Build.0 = Release|Any CPU
		{892A5C1D-A0EC-443B-BA26-6FF17ACE292A}.Release|x86.ActiveCfg = Release|Any CPU
		{892A5C1D-A0EC-443B-BA26-6FF17ACE292A}.Release|x86.Build.0 = Release|Any CPU
		{11C85470-E0E8-4B3F-8B76-8B1ED320BAE2}.Ad-Hoc|Any CPU.ActiveCfg = Release|Any CPU
		{11C85470-E0E8-4B3F-8B76-8B1ED320BAE2}.Ad-Hoc|Any CPU.Build.0 = Release|Any CPU
		{11C85470-E0E8-4B3F-8B76-8B1ED320BAE2}.Ad-Hoc|iPhone.ActiveCfg = Release|Any CPU
		{11C85470-E0E8-4B3F-8B76-8B1ED320BAE2}.Ad-Hoc|iPhone.Build.0 = Release|Any CPU
		{11C85470-E0E8-4B3F-8B76-8B1ED320BAE2}.Ad-Hoc|iPhoneSimulator.ActiveCfg = Release|Any CPU
		{11C85470-E0E8-4B3F-8B76-8B1ED320BAE2}.Ad-Hoc|iPhoneSimulator.Build.0 = Release|Any CPU
		{11C85470-E0E8-4B3F-8B76-8B1ED320BAE2}.Ad-Hoc|x86.ActiveCfg = Release|Any CPU
		{11C85470-E0E8-4B3F-8B76-8B1ED320BAE2}.Ad-Hoc|x86.Build.0 = Release|Any CPU
		{11C85470-E0E8-4B3F-8B76-8B1ED320BAE2}.AppStore|Any CPU.ActiveCfg = Release|Any CPU
		{11C85470-E0E8-4B3F-8B76-8B1ED320BAE2}.AppStore|Any CPU.Build.0 = Release|Any CPU
		{11C85470-E0E8-4B3F-8B76-8B1ED320BAE2}.AppStore|iPhone.ActiveCfg = Release|Any CPU
		{11C85470-E0E8-4B3F-8B76-8B1ED320BAE2}.AppStore|iPhone.Build.0 = Release|Any CPU
		{11C85470-E0E8-4B3F-8B76-8B1ED320BAE2}.AppStore|iPhoneSimulator.ActiveCfg = Release|Any CPU
		{11C85470-E0E8-4B3F-8B76-8B1ED320BAE2}.AppStore|iPhoneSimulator.Build.0 = Release|Any CPU
		{11C85470-E0E8-4B3F-8B76-8B1ED320BAE2}.AppStore|x86.ActiveCfg = Release|Any CPU
		{11C85470-E0E8-4B3F-8B76-8B1ED320BAE2}.AppStore|x86.Build.0 = Release|Any CPU
		{11C85470-E0E8-4B3F-8B76-8B1ED320BAE2}.Debug|Any CPU.ActiveCfg = Debug|Any CPU
		{11C85470-E0E8-4B3F-8B76-8B1ED320BAE2}.Debug|Any CPU.Build.0 = Debug|Any CPU
		{11C85470-E0E8-4B3F-8B76-8B1ED320BAE2}.Debug|iPhone.ActiveCfg = Debug|Any CPU
		{11C85470-E0E8-4B3F-8B76-8B1ED320BAE2}.Debug|iPhone.Build.0 = Debug|Any CPU
		{11C85470-E0E8-4B3F-8B76-8B1ED320BAE2}.Debug|iPhoneSimulator.ActiveCfg = Debug|Any CPU
		{11C85470-E0E8-4B3F-8B76-8B1ED320BAE2}.Debug|iPhoneSimulator.Build.0 = Debug|Any CPU
		{11C85470-E0E8-4B3F-8B76-8B1ED320BAE2}.Debug|x86.ActiveCfg = Debug|Any CPU
		{11C85470-E0E8-4B3F-8B76-8B1ED320BAE2}.Debug|x86.Build.0 = Debug|Any CPU
		{11C85470-E0E8-4B3F-8B76-8B1ED320BAE2}.Release|Any CPU.ActiveCfg = Release|Any CPU
		{11C85470-E0E8-4B3F-8B76-8B1ED320BAE2}.Release|Any CPU.Build.0 = Release|Any CPU
		{11C85470-E0E8-4B3F-8B76-8B1ED320BAE2}.Release|iPhone.ActiveCfg = Release|Any CPU
		{11C85470-E0E8-4B3F-8B76-8B1ED320BAE2}.Release|iPhone.Build.0 = Release|Any CPU
		{11C85470-E0E8-4B3F-8B76-8B1ED320BAE2}.Release|iPhoneSimulator.ActiveCfg = Release|Any CPU
		{11C85470-E0E8-4B3F-8B76-8B1ED320BAE2}.Release|iPhoneSimulator.Build.0 = Release|Any CPU
		{11C85470-E0E8-4B3F-8B76-8B1ED320BAE2}.Release|x86.ActiveCfg = Release|Any CPU
		{11C85470-E0E8-4B3F-8B76-8B1ED320BAE2}.Release|x86.Build.0 = Release|Any CPU
		{A0FD446C-4455-49B0-871B-BB35B575ED85}.Ad-Hoc|Any CPU.ActiveCfg = Release|Any CPU
		{A0FD446C-4455-49B0-871B-BB35B575ED85}.Ad-Hoc|Any CPU.Build.0 = Release|Any CPU
		{A0FD446C-4455-49B0-871B-BB35B575ED85}.Ad-Hoc|iPhone.ActiveCfg = Release|Any CPU
		{A0FD446C-4455-49B0-871B-BB35B575ED85}.Ad-Hoc|iPhone.Build.0 = Release|Any CPU
		{A0FD446C-4455-49B0-871B-BB35B575ED85}.Ad-Hoc|iPhoneSimulator.ActiveCfg = Release|Any CPU
		{A0FD446C-4455-49B0-871B-BB35B575ED85}.Ad-Hoc|iPhoneSimulator.Build.0 = Release|Any CPU
		{A0FD446C-4455-49B0-871B-BB35B575ED85}.Ad-Hoc|x86.ActiveCfg = Release|Any CPU
		{A0FD446C-4455-49B0-871B-BB35B575ED85}.Ad-Hoc|x86.Build.0 = Release|Any CPU
		{A0FD446C-4455-49B0-871B-BB35B575ED85}.AppStore|Any CPU.ActiveCfg = Release|Any CPU
		{A0FD446C-4455-49B0-871B-BB35B575ED85}.AppStore|Any CPU.Build.0 = Release|Any CPU
		{A0FD446C-4455-49B0-871B-BB35B575ED85}.AppStore|iPhone.ActiveCfg = Release|Any CPU
		{A0FD446C-4455-49B0-871B-BB35B575ED85}.AppStore|iPhone.Build.0 = Release|Any CPU
		{A0FD446C-4455-49B0-871B-BB35B575ED85}.AppStore|iPhoneSimulator.ActiveCfg = Release|Any CPU
		{A0FD446C-4455-49B0-871B-BB35B575ED85}.AppStore|iPhoneSimulator.Build.0 = Release|Any CPU
		{A0FD446C-4455-49B0-871B-BB35B575ED85}.AppStore|x86.ActiveCfg = Release|Any CPU
		{A0FD446C-4455-49B0-871B-BB35B575ED85}.AppStore|x86.Build.0 = Release|Any CPU
		{A0FD446C-4455-49B0-871B-BB35B575ED85}.Debug|Any CPU.ActiveCfg = Debug|Any CPU
		{A0FD446C-4455-49B0-871B-BB35B575ED85}.Debug|Any CPU.Build.0 = Debug|Any CPU
		{A0FD446C-4455-49B0-871B-BB35B575ED85}.Debug|iPhone.ActiveCfg = Debug|Any CPU
		{A0FD446C-4455-49B0-871B-BB35B575ED85}.Debug|iPhone.Build.0 = Debug|Any CPU
		{A0FD446C-4455-49B0-871B-BB35B575ED85}.Debug|iPhoneSimulator.ActiveCfg = Debug|Any CPU
		{A0FD446C-4455-49B0-871B-BB35B575ED85}.Debug|iPhoneSimulator.Build.0 = Debug|Any CPU
		{A0FD446C-4455-49B0-871B-BB35B575ED85}.Debug|x86.ActiveCfg = Debug|Any CPU
		{A0FD446C-4455-49B0-871B-BB35B575ED85}.Debug|x86.Build.0 = Debug|Any CPU
		{A0FD446C-4455-49B0-871B-BB35B575ED85}.Release|Any CPU.ActiveCfg = Release|Any CPU
		{A0FD446C-4455-49B0-871B-BB35B575ED85}.Release|Any CPU.Build.0 = Release|Any CPU
		{A0FD446C-4455-49B0-871B-BB35B575ED85}.Release|iPhone.ActiveCfg = Release|Any CPU
		{A0FD446C-4455-49B0-871B-BB35B575ED85}.Release|iPhone.Build.0 = Release|Any CPU
		{A0FD446C-4455-49B0-871B-BB35B575ED85}.Release|iPhoneSimulator.ActiveCfg = Release|Any CPU
		{A0FD446C-4455-49B0-871B-BB35B575ED85}.Release|iPhoneSimulator.Build.0 = Release|Any CPU
		{A0FD446C-4455-49B0-871B-BB35B575ED85}.Release|x86.ActiveCfg = Release|Any CPU
		{A0FD446C-4455-49B0-871B-BB35B575ED85}.Release|x86.Build.0 = Release|Any CPU
		{3580E8BB-EFF2-48FD-BBD6-8744475788E4}.Ad-Hoc|Any CPU.ActiveCfg = Release|Any CPU
		{3580E8BB-EFF2-48FD-BBD6-8744475788E4}.Ad-Hoc|Any CPU.Build.0 = Release|Any CPU
		{3580E8BB-EFF2-48FD-BBD6-8744475788E4}.Ad-Hoc|iPhone.ActiveCfg = Release|Any CPU
		{3580E8BB-EFF2-48FD-BBD6-8744475788E4}.Ad-Hoc|iPhone.Build.0 = Release|Any CPU
		{3580E8BB-EFF2-48FD-BBD6-8744475788E4}.Ad-Hoc|iPhoneSimulator.ActiveCfg = Release|Any CPU
		{3580E8BB-EFF2-48FD-BBD6-8744475788E4}.Ad-Hoc|iPhoneSimulator.Build.0 = Release|Any CPU
		{3580E8BB-EFF2-48FD-BBD6-8744475788E4}.Ad-Hoc|x86.ActiveCfg = Release|Any CPU
		{3580E8BB-EFF2-48FD-BBD6-8744475788E4}.Ad-Hoc|x86.Build.0 = Release|Any CPU
		{3580E8BB-EFF2-48FD-BBD6-8744475788E4}.AppStore|Any CPU.ActiveCfg = Release|Any CPU
		{3580E8BB-EFF2-48FD-BBD6-8744475788E4}.AppStore|Any CPU.Build.0 = Release|Any CPU
		{3580E8BB-EFF2-48FD-BBD6-8744475788E4}.AppStore|iPhone.ActiveCfg = Release|Any CPU
		{3580E8BB-EFF2-48FD-BBD6-8744475788E4}.AppStore|iPhone.Build.0 = Release|Any CPU
		{3580E8BB-EFF2-48FD-BBD6-8744475788E4}.AppStore|iPhoneSimulator.ActiveCfg = Release|Any CPU
		{3580E8BB-EFF2-48FD-BBD6-8744475788E4}.AppStore|iPhoneSimulator.Build.0 = Release|Any CPU
		{3580E8BB-EFF2-48FD-BBD6-8744475788E4}.AppStore|x86.ActiveCfg = Release|Any CPU
		{3580E8BB-EFF2-48FD-BBD6-8744475788E4}.AppStore|x86.Build.0 = Release|Any CPU
		{3580E8BB-EFF2-48FD-BBD6-8744475788E4}.Debug|Any CPU.ActiveCfg = Debug|Any CPU
		{3580E8BB-EFF2-48FD-BBD6-8744475788E4}.Debug|Any CPU.Build.0 = Debug|Any CPU
		{3580E8BB-EFF2-48FD-BBD6-8744475788E4}.Debug|iPhone.ActiveCfg = Debug|Any CPU
		{3580E8BB-EFF2-48FD-BBD6-8744475788E4}.Debug|iPhone.Build.0 = Debug|Any CPU
		{3580E8BB-EFF2-48FD-BBD6-8744475788E4}.Debug|iPhoneSimulator.ActiveCfg = Debug|Any CPU
		{3580E8BB-EFF2-48FD-BBD6-8744475788E4}.Debug|iPhoneSimulator.Build.0 = Debug|Any CPU
		{3580E8BB-EFF2-48FD-BBD6-8744475788E4}.Debug|x86.ActiveCfg = Debug|Any CPU
		{3580E8BB-EFF2-48FD-BBD6-8744475788E4}.Debug|x86.Build.0 = Debug|Any CPU
		{3580E8BB-EFF2-48FD-BBD6-8744475788E4}.Release|Any CPU.ActiveCfg = Release|Any CPU
		{3580E8BB-EFF2-48FD-BBD6-8744475788E4}.Release|Any CPU.Build.0 = Release|Any CPU
		{3580E8BB-EFF2-48FD-BBD6-8744475788E4}.Release|iPhone.ActiveCfg = Release|Any CPU
		{3580E8BB-EFF2-48FD-BBD6-8744475788E4}.Release|iPhone.Build.0 = Release|Any CPU
		{3580E8BB-EFF2-48FD-BBD6-8744475788E4}.Release|iPhoneSimulator.ActiveCfg = Release|Any CPU
		{3580E8BB-EFF2-48FD-BBD6-8744475788E4}.Release|iPhoneSimulator.Build.0 = Release|Any CPU
		{3580E8BB-EFF2-48FD-BBD6-8744475788E4}.Release|x86.ActiveCfg = Release|Any CPU
		{3580E8BB-EFF2-48FD-BBD6-8744475788E4}.Release|x86.Build.0 = Release|Any CPU
		{1FA52BB1-778A-46CA-8CE5-17B23AC9997A}.Ad-Hoc|Any CPU.ActiveCfg = Ad-Hoc|iPhone
		{1FA52BB1-778A-46CA-8CE5-17B23AC9997A}.Ad-Hoc|iPhone.ActiveCfg = Ad-Hoc|iPhone
		{1FA52BB1-778A-46CA-8CE5-17B23AC9997A}.Ad-Hoc|iPhone.Build.0 = Ad-Hoc|iPhone
		{1FA52BB1-778A-46CA-8CE5-17B23AC9997A}.Ad-Hoc|iPhoneSimulator.ActiveCfg = Ad-Hoc|iPhoneSimulator
		{1FA52BB1-778A-46CA-8CE5-17B23AC9997A}.Ad-Hoc|iPhoneSimulator.Build.0 = Ad-Hoc|iPhoneSimulator
		{1FA52BB1-778A-46CA-8CE5-17B23AC9997A}.Ad-Hoc|x86.ActiveCfg = Ad-Hoc|iPhone
		{1FA52BB1-778A-46CA-8CE5-17B23AC9997A}.AppStore|Any CPU.ActiveCfg = AppStore|iPhone
		{1FA52BB1-778A-46CA-8CE5-17B23AC9997A}.AppStore|iPhone.ActiveCfg = AppStore|iPhone
		{1FA52BB1-778A-46CA-8CE5-17B23AC9997A}.AppStore|iPhone.Build.0 = AppStore|iPhone
		{1FA52BB1-778A-46CA-8CE5-17B23AC9997A}.AppStore|iPhoneSimulator.ActiveCfg = AppStore|iPhoneSimulator
		{1FA52BB1-778A-46CA-8CE5-17B23AC9997A}.AppStore|iPhoneSimulator.Build.0 = AppStore|iPhoneSimulator
		{1FA52BB1-778A-46CA-8CE5-17B23AC9997A}.AppStore|x86.ActiveCfg = AppStore|iPhone
		{1FA52BB1-778A-46CA-8CE5-17B23AC9997A}.Debug|Any CPU.ActiveCfg = Debug|iPhone
		{1FA52BB1-778A-46CA-8CE5-17B23AC9997A}.Debug|iPhone.ActiveCfg = Debug|iPhone
		{1FA52BB1-778A-46CA-8CE5-17B23AC9997A}.Debug|iPhone.Build.0 = Debug|iPhone
		{1FA52BB1-778A-46CA-8CE5-17B23AC9997A}.Debug|iPhoneSimulator.ActiveCfg = Debug|iPhoneSimulator
		{1FA52BB1-778A-46CA-8CE5-17B23AC9997A}.Debug|iPhoneSimulator.Build.0 = Debug|iPhoneSimulator
		{1FA52BB1-778A-46CA-8CE5-17B23AC9997A}.Debug|x86.ActiveCfg = Debug|iPhone
		{1FA52BB1-778A-46CA-8CE5-17B23AC9997A}.Release|Any CPU.ActiveCfg = Release|iPhone
		{1FA52BB1-778A-46CA-8CE5-17B23AC9997A}.Release|iPhone.ActiveCfg = Release|iPhone
		{1FA52BB1-778A-46CA-8CE5-17B23AC9997A}.Release|iPhone.Build.0 = Release|iPhone
		{1FA52BB1-778A-46CA-8CE5-17B23AC9997A}.Release|iPhoneSimulator.ActiveCfg = Release|iPhoneSimulator
		{1FA52BB1-778A-46CA-8CE5-17B23AC9997A}.Release|iPhoneSimulator.Build.0 = Release|iPhoneSimulator
		{1FA52BB1-778A-46CA-8CE5-17B23AC9997A}.Release|x86.ActiveCfg = Release|iPhone
	EndGlobalSection
	GlobalSection(SolutionProperties) = preSolution
		HideSolutionNode = FALSE
	EndGlobalSection
	GlobalSection(ExtensibilityGlobals) = postSolution
		SolutionGuid = {0ACF2F70-DF49-4285-873D-368637432F62}
	EndGlobalSection
EndGlobal
